<?xml version="1.0" encoding="UTF-8" standalone="yes" ?>
<CodeBlocks_project_file>
	<FileVersion major="1" minor="6" />
	<Project>
		<Option title="Gravity" />
		<Option pch_mode="2" />
		<Option compiler="gcc" />
		<Build>
			<Target title="Debug">
				<Option output="bin/Debug/Gravity" prefix_auto="1" extension_auto="1" />
				<Option object_output="obj/Debug/" />
				<Option type="1" />
				<Option compiler="gcc" />
				<Compiler>
					<Add option="-std=c++11" />
					<Add option="-g" />
				</Compiler>
			</Target>
			<Target title="Release">
				<Option output="bin/Release/Gravity" prefix_auto="1" extension_auto="1" />
				<Option object_output="obj/Release/" />
				<Option type="1" />
				<Option compiler="gcc" />
				<Compiler>
					<Add option="-O2" />
				</Compiler>
				<Linker>
					<Add option="-s" />
				</Linker>
			</Target>
		</Build>
		<Compiler>
			<Add option="-Wall" />
			<Add directory="include" />
			<Add directory="src" />
		</Compiler>
		<Linker>
			<Add option="-lsfml-audio" />
			<Add option="-lsfml-graphics" />
			<Add option="-lsfml-window" />
			<Add option="-lsfml-system" />
			<Add directory="lib" />
		</Linker>
		<Unit filename="include/Actor.h" />
		<Unit filename="include/ActorContainer.h" />
		<Unit filename="include/Game.h" />
		<Unit filename="include/InputManager.h" />
		<Unit filename="include/Manager.h" />
		<Unit filename="include/ResourceManager.h" />
		<Unit filename="include/SFML/Audio.hpp" />
		<Unit filename="include/SFML/Audio/AudioResource.hpp" />
		<Unit filename="include/SFML/Audio/Listener.hpp" />
		<Unit filename="include/SFML/Audio/Music.hpp" />
		<Unit filename="include/SFML/Audio/Sound.hpp" />
		<Unit filename="include/SFML/Audio/SoundBuffer.hpp" />
		<Unit filename="include/SFML/Audio/SoundBufferRecorder.hpp" />
		<Unit filename="include/SFML/Audio/SoundRecorder.hpp" />
		<Unit filename="include/SFML/Audio/SoundStream.hpp" />
		<Unit filename="include/SFML/Config.hpp" />
		<Unit filename="include/SFML/Graphics.hpp" />
		<Unit filename="include/SFML/Graphics/Color.hpp" />
		<Unit filename="include/SFML/Graphics/Drawable.hpp" />
		<Unit filename="include/SFML/Graphics/Font.hpp" />
		<Unit filename="include/SFML/Graphics/Glyph.hpp" />
		<Unit filename="include/SFML/Graphics/Image.hpp" />
		<Unit filename="include/SFML/Graphics/Matrix3.hpp" />
		<Unit filename="include/SFML/Graphics/PostFX.hpp" />
		<Unit filename="include/SFML/Graphics/Rect.hpp" />
		<Unit filename="include/SFML/Graphics/RenderTarget.hpp" />
		<Unit filename="include/SFML/Graphics/RenderWindow.hpp" />
		<Unit filename="include/SFML/Graphics/Shape.hpp" />
		<Unit filename="include/SFML/Graphics/Sprite.hpp" />
		<Unit filename="include/SFML/Graphics/String.hpp" />
		<Unit filename="include/SFML/Graphics/View.hpp" />
		<Unit filename="include/SFML/Network.hpp" />
		<Unit filename="include/SFML/Network/Ftp.hpp" />
		<Unit filename="include/SFML/Network/Http.hpp" />
		<Unit filename="include/SFML/Network/IPAddress.hpp" />
		<Unit filename="include/SFML/Network/Packet.hpp" />
		<Unit filename="include/SFML/Network/Selector.hpp" />
		<Unit filename="include/SFML/Network/SelectorBase.hpp" />
		<Unit filename="include/SFML/Network/SocketHelper.hpp" />
		<Unit filename="include/SFML/Network/SocketTCP.hpp" />
		<Unit filename="include/SFML/Network/SocketUDP.hpp" />
		<Unit filename="include/SFML/Network/Sockets.hpp" />
		<Unit filename="include/SFML/Network/Unix/SocketHelper.hpp" />
		<Unit filename="include/SFML/Network/Win32/SocketHelper.hpp" />
		<Unit filename="include/SFML/System.hpp" />
		<Unit filename="include/SFML/System/Clock.hpp" />
		<Unit filename="include/SFML/System/Lock.hpp" />
		<Unit filename="include/SFML/System/Mutex.hpp" />
		<Unit filename="include/SFML/System/NonCopyable.hpp" />
		<Unit filename="include/SFML/System/Randomizer.hpp" />
		<Unit filename="include/SFML/System/Resource.hpp" />
		<Unit filename="include/SFML/System/Sleep.hpp" />
		<Unit filename="include/SFML/System/Thread.hpp" />
		<Unit filename="include/SFML/System/Unicode.hpp" />
		<Unit filename="include/SFML/System/Unix/Mutex.hpp" />
		<Unit filename="include/SFML/System/Unix/Thread.hpp" />
		<Unit filename="include/SFML/System/Vector2.hpp" />
		<Unit filename="include/SFML/System/Vector3.hpp" />
		<Unit filename="include/SFML/System/Win32/Mutex.hpp" />
		<Unit filename="include/SFML/System/Win32/Thread.hpp" />
		<Unit filename="include/SFML/Window.hpp" />
		<Unit filename="include/SFML/Window/Context.hpp" />
		<Unit filename="include/SFML/Window/Event.hpp" />
		<Unit filename="include/SFML/Window/Input.hpp" />
		<Unit filename="include/SFML/Window/OpenGL.hpp" />
		<Unit filename="include/SFML/Window/VideoMode.hpp" />
		<Unit filename="include/SFML/Window/Window.hpp" />
		<Unit filename="include/SFML/Window/WindowHandle.hpp" />
		<Unit filename="include/SFML/Window/WindowListener.hpp" />
		<Unit filename="include/SFML/Window/WindowSettings.hpp" />
		<Unit filename="include/SFML/Window/WindowStyle.hpp" />
		<Unit filename="include/Scene.h" />
		<Unit filename="include/WorldInfo.h" />
		<Unit filename="include/WorldManager.h" />
		<Unit filename="include/actors/Player.h" />
		<Unit filename="include/actors/PlayerContainer.h" />
		<Unit filename="include/scenes/TestScene.h" />
		<Unit filename="src/Actor.cpp" />
		<Unit filename="src/ActorContainer.cpp" />
		<Unit filename="src/Game.cpp" />
		<Unit filename="src/InputManager.cpp" />
		<Unit filename="src/Manager.cpp" />
		<Unit filename="src/ResourceManager.cpp" />
		<Unit filename="src/Scene.cpp" />
		<Unit filename="src/WorldManager.cpp" />
		<Unit filename="src/actors/Player.cpp" />
		<Unit filename="src/actors/PlayerContainer.cpp" />
		<Unit filename="src/scenes/TestScene.cpp" />
		<Extensions>
			<code_completion />
			<debugger />
		</Extensions>
	</Project>
</CodeBlocks_project_file>
